
Microsoft Visual Studio Solution File, Format Version 12.00
# Visual Studio 14
VisualStudioVersion = 14.0.25420.1
MinimumVisualStudioVersion = 10.0.40219.1
Project("{FAE04EC0-301F-11D3-BF4B-00C04F79EFBC}") = "ExpenseTracker.Model", "ExpenseTracker.Model\ExpenseTracker.Model.csproj", "{9CE11D4A-CA6D-4A75-B674-FCA2A5FC828B}"
EndProject
Project("{FAE04EC0-301F-11D3-BF4B-00C04F79EFBC}") = "ExpenseTracker.BusinessLogic", "ExpenseTracker.BusinessLogic\ExpenseTracker.BusinessLogic.csproj", "{8B47A618-D905-4A3B-8CA9-C1D7DC47CDC4}"
EndProject
Project("{FAE04EC0-301F-11D3-BF4B-00C04F79EFBC}") = "ExpenseTracker.Server", "ExpenseTracker.Server\ExpenseTracker.Server.csproj", "{9EFB28C4-3462-444B-8394-F9C4F716E538}"
EndProject
Project("{FAE04EC0-301F-11D3-BF4B-00C04F79EFBC}") = "ExpenseTracker.Server.MVC", "ExpenseTracker.Server.MVC\ExpenseTracker.Server.MVC.csproj", "{7B9A5F95-84F7-4B15-AD60-486A4FD660B4}"
EndProject
Project("{FAE04EC0-301F-11D3-BF4B-00C04F79EFBC}") = "ExpenseTracker.Services", "ExpenseTracker.Services\ExpenseTracker.Services.csproj", "{DC575F74-92E7-4FB7-A05A-2CEF05DDE5FD}"
EndProject
Project("{FAE04EC0-301F-11D3-BF4B-00C04F79EFBC}") = "ExpenseTracker.Service.ConsoleHost", "ExpenseTracker.Service.ConsoleHost\ExpenseTracker.Service.ConsoleHost.csproj", "{8E87E253-2921-4335-BE50-6F82AE96587D}"
EndProject
Global
	GlobalSection(SolutionConfigurationPlatforms) = preSolution
		Ad-Hoc|Any CPU = Ad-Hoc|Any CPU
		Ad-Hoc|ARM = Ad-Hoc|ARM
		Ad-Hoc|iPhone = Ad-Hoc|iPhone
		Ad-Hoc|iPhoneSimulator = Ad-Hoc|iPhoneSimulator
		Ad-Hoc|x64 = Ad-Hoc|x64
		Ad-Hoc|x86 = Ad-Hoc|x86
		AppStore|Any CPU = AppStore|Any CPU
		AppStore|ARM = AppStore|ARM
		AppStore|iPhone = AppStore|iPhone
		AppStore|iPhoneSimulator = AppStore|iPhoneSimulator
		AppStore|x64 = AppStore|x64
		AppStore|x86 = AppStore|x86
		Debug|Any CPU = Debug|Any CPU
		Debug|ARM = Debug|ARM
		Debug|iPhone = Debug|iPhone
		Debug|iPhoneSimulator = Debug|iPhoneSimulator
		Debug|x64 = Debug|x64
		Debug|x86 = Debug|x86
		Release|Any CPU = Release|Any CPU
		Release|ARM = Release|ARM
		Release|iPhone = Release|iPhone
		Release|iPhoneSimulator = Release|iPhoneSimulator
		Release|x64 = Release|x64
		Release|x86 = Release|x86
	EndGlobalSection
	GlobalSection(ProjectConfigurationPlatforms) = postSolution
		{9CE11D4A-CA6D-4A75-B674-FCA2A5FC828B}.Ad-Hoc|Any CPU.ActiveCfg = Debug|Any CPU
		{9CE11D4A-CA6D-4A75-B674-FCA2A5FC828B}.Ad-Hoc|Any CPU.Build.0 = Debug|Any CPU
		{9CE11D4A-CA6D-4A75-B674-FCA2A5FC828B}.Ad-Hoc|ARM.ActiveCfg = Debug|Any CPU
		{9CE11D4A-CA6D-4A75-B674-FCA2A5FC828B}.Ad-Hoc|ARM.Build.0 = Debug|Any CPU
		{9CE11D4A-CA6D-4A75-B674-FCA2A5FC828B}.Ad-Hoc|iPhone.ActiveCfg = Debug|Any CPU
		{9CE11D4A-CA6D-4A75-B674-FCA2A5FC828B}.Ad-Hoc|iPhone.Build.0 = Debug|Any CPU
		{9CE11D4A-CA6D-4A75-B674-FCA2A5FC828B}.Ad-Hoc|iPhoneSimulator.ActiveCfg = Debug|Any CPU
		{9CE11D4A-CA6D-4A75-B674-FCA2A5FC828B}.Ad-Hoc|iPhoneSimulator.Build.0 = Debug|Any CPU
		{9CE11D4A-CA6D-4A75-B674-FCA2A5FC828B}.Ad-Hoc|x64.ActiveCfg = Debug|Any CPU
		{9CE11D4A-CA6D-4A75-B674-FCA2A5FC828B}.Ad-Hoc|x64.Build.0 = Debug|Any CPU
		{9CE11D4A-CA6D-4A75-B674-FCA2A5FC828B}.Ad-Hoc|x86.ActiveCfg = Debug|Any CPU
		{9CE11D4A-CA6D-4A75-B674-FCA2A5FC828B}.Ad-Hoc|x86.Build.0 = Debug|Any CPU
		{9CE11D4A-CA6D-4A75-B674-FCA2A5FC828B}.AppStore|Any CPU.ActiveCfg = Debug|Any CPU
		{9CE11D4A-CA6D-4A75-B674-FCA2A5FC828B}.AppStore|Any CPU.Build.0 = Debug|Any CPU
		{9CE11D4A-CA6D-4A75-B674-FCA2A5FC828B}.AppStore|ARM.ActiveCfg = Debug|Any CPU
		{9CE11D4A-CA6D-4A75-B674-FCA2A5FC828B}.AppStore|ARM.Build.0 = Debug|Any CPU
		{9CE11D4A-CA6D-4A75-B674-FCA2A5FC828B}.AppStore|iPhone.ActiveCfg = Debug|Any CPU
		{9CE11D4A-CA6D-4A75-B674-FCA2A5FC828B}.AppStore|iPhone.Build.0 = Debug|Any CPU
		{9CE11D4A-CA6D-4A75-B674-FCA2A5FC828B}.AppStore|iPhoneSimulator.ActiveCfg = Debug|Any CPU
		{9CE11D4A-CA6D-4A75-B674-FCA2A5FC828B}.AppStore|iPhoneSimulator.Build.0 = Debug|Any CPU
		{9CE11D4A-CA6D-4A75-B674-FCA2A5FC828B}.AppStore|x64.ActiveCfg = Debug|Any CPU
		{9CE11D4A-CA6D-4A75-B674-FCA2A5FC828B}.AppStore|x64.Build.0 = Debug|Any CPU
		{9CE11D4A-CA6D-4A75-B674-FCA2A5FC828B}.AppStore|x86.ActiveCfg = Debug|Any CPU
		{9CE11D4A-CA6D-4A75-B674-FCA2A5FC828B}.AppStore|x86.Build.0 = Debug|Any CPU
		{9CE11D4A-CA6D-4A75-B674-FCA2A5FC828B}.Debug|Any CPU.ActiveCfg = Debug|Any CPU
		{9CE11D4A-CA6D-4A75-B674-FCA2A5FC828B}.Debug|Any CPU.Build.0 = Debug|Any CPU
		{9CE11D4A-CA6D-4A75-B674-FCA2A5FC828B}.Debug|ARM.ActiveCfg = Debug|Any CPU
		{9CE11D4A-CA6D-4A75-B674-FCA2A5FC828B}.Debug|ARM.Build.0 = Debug|Any CPU
		{9CE11D4A-CA6D-4A75-B674-FCA2A5FC828B}.Debug|iPhone.ActiveCfg = Debug|Any CPU
		{9CE11D4A-CA6D-4A75-B674-FCA2A5FC828B}.Debug|iPhone.Build.0 = Debug|Any CPU
		{9CE11D4A-CA6D-4A75-B674-FCA2A5FC828B}.Debug|iPhoneSimulator.ActiveCfg = Debug|Any CPU
		{9CE11D4A-CA6D-4A75-B674-FCA2A5FC828B}.Debug|iPhoneSimulator.Build.0 = Debug|Any CPU
		{9CE11D4A-CA6D-4A75-B674-FCA2A5FC828B}.Debug|x64.ActiveCfg = Debug|Any CPU
		{9CE11D4A-CA6D-4A75-B674-FCA2A5FC828B}.Debug|x64.Build.0 = Debug|Any CPU
		{9CE11D4A-CA6D-4A75-B674-FCA2A5FC828B}.Debug|x86.ActiveCfg = Debug|Any CPU
		{9CE11D4A-CA6D-4A75-B674-FCA2A5FC828B}.Debug|x86.Build.0 = Debug|Any CPU
		{9CE11D4A-CA6D-4A75-B674-FCA2A5FC828B}.Release|Any CPU.ActiveCfg = Release|Any CPU
		{9CE11D4A-CA6D-4A75-B674-FCA2A5FC828B}.Release|Any CPU.Build.0 = Release|Any CPU
		{9CE11D4A-CA6D-4A75-B674-FCA2A5FC828B}.Release|ARM.ActiveCfg = Release|Any CPU
		{9CE11D4A-CA6D-4A75-B674-FCA2A5FC828B}.Release|ARM.Build.0 = Release|Any CPU
		{9CE11D4A-CA6D-4A75-B674-FCA2A5FC828B}.Release|iPhone.ActiveCfg = Release|Any CPU
		{9CE11D4A-CA6D-4A75-B674-FCA2A5FC828B}.Release|iPhone.Build.0 = Release|Any CPU
		{9CE11D4A-CA6D-4A75-B674-FCA2A5FC828B}.Release|iPhoneSimulator.ActiveCfg = Release|Any CPU
		{9CE11D4A-CA6D-4A75-B674-FCA2A5FC828B}.Release|iPhoneSimulator.Build.0 = Release|Any CPU
		{9CE11D4A-CA6D-4A75-B674-FCA2A5FC828B}.Release|x64.ActiveCfg = Release|Any CPU
		{9CE11D4A-CA6D-4A75-B674-FCA2A5FC828B}.Release|x64.Build.0 = Release|Any CPU
		{9CE11D4A-CA6D-4A75-B674-FCA2A5FC828B}.Release|x86.ActiveCfg = Release|Any CPU
		{9CE11D4A-CA6D-4A75-B674-FCA2A5FC828B}.Release|x86.Build.0 = Release|Any CPU
		{8B47A618-D905-4A3B-8CA9-C1D7DC47CDC4}.Ad-Hoc|Any CPU.ActiveCfg = Debug|Any CPU
		{8B47A618-D905-4A3B-8CA9-C1D7DC47CDC4}.Ad-Hoc|Any CPU.Build.0 = Debug|Any CPU
		{8B47A618-D905-4A3B-8CA9-C1D7DC47CDC4}.Ad-Hoc|ARM.ActiveCfg = Debug|Any CPU
		{8B47A618-D905-4A3B-8CA9-C1D7DC47CDC4}.Ad-Hoc|ARM.Build.0 = Debug|Any CPU
		{8B47A618-D905-4A3B-8CA9-C1D7DC47CDC4}.Ad-Hoc|iPhone.ActiveCfg = Debug|Any CPU
		{8B47A618-D905-4A3B-8CA9-C1D7DC47CDC4}.Ad-Hoc|iPhone.Build.0 = Debug|Any CPU
		{8B47A618-D905-4A3B-8CA9-C1D7DC47CDC4}.Ad-Hoc|iPhoneSimulator.ActiveCfg = Debug|Any CPU
		{8B47A618-D905-4A3B-8CA9-C1D7DC47CDC4}.Ad-Hoc|iPhoneSimulator.Build.0 = Debug|Any CPU
		{8B47A618-D905-4A3B-8CA9-C1D7DC47CDC4}.Ad-Hoc|x64.ActiveCfg = Debug|Any CPU
		{8B47A618-D905-4A3B-8CA9-C1D7DC47CDC4}.Ad-Hoc|x64.Build.0 = Debug|Any CPU
		{8B47A618-D905-4A3B-8CA9-C1D7DC47CDC4}.Ad-Hoc|x86.ActiveCfg = Debug|Any CPU
		{8B47A618-D905-4A3B-8CA9-C1D7DC47CDC4}.Ad-Hoc|x86.Build.0 = Debug|Any CPU
		{8B47A618-D905-4A3B-8CA9-C1D7DC47CDC4}.AppStore|Any CPU.ActiveCfg = Debug|Any CPU
		{8B47A618-D905-4A3B-8CA9-C1D7DC47CDC4}.AppStore|Any CPU.Build.0 = Debug|Any CPU
		{8B47A618-D905-4A3B-8CA9-C1D7DC47CDC4}.AppStore|ARM.ActiveCfg = Debug|Any CPU
		{8B47A618-D905-4A3B-8CA9-C1D7DC47CDC4}.AppStore|ARM.Build.0 = Debug|Any CPU
		{8B47A618-D905-4A3B-8CA9-C1D7DC47CDC4}.AppStore|iPhone.ActiveCfg = Debug|Any CPU
		{8B47A618-D905-4A3B-8CA9-C1D7DC47CDC4}.AppStore|iPhone.Build.0 = Debug|Any CPU
		{8B47A618-D905-4A3B-8CA9-C1D7DC47CDC4}.AppStore|iPhoneSimulator.ActiveCfg = Debug|Any CPU
		{8B47A618-D905-4A3B-8CA9-C1D7DC47CDC4}.AppStore|iPhoneSimulator.Build.0 = Debug|Any CPU
		{8B47A618-D905-4A3B-8CA9-C1D7DC47CDC4}.AppStore|x64.ActiveCfg = Debug|Any CPU
		{8B47A618-D905-4A3B-8CA9-C1D7DC47CDC4}.AppStore|x64.Build.0 = Debug|Any CPU
		{8B47A618-D905-4A3B-8CA9-C1D7DC47CDC4}.AppStore|x86.ActiveCfg = Debug|Any CPU
		{8B47A618-D905-4A3B-8CA9-C1D7DC47CDC4}.AppStore|x86.Build.0 = Debug|Any CPU
		{8B47A618-D905-4A3B-8CA9-C1D7DC47CDC4}.Debug|Any CPU.ActiveCfg = Debug|Any CPU
		{8B47A618-D905-4A3B-8CA9-C1D7DC47CDC4}.Debug|Any CPU.Build.0 = Debug|Any CPU
		{8B47A618-D905-4A3B-8CA9-C1D7DC47CDC4}.Debug|ARM.ActiveCfg = Debug|Any CPU
		{8B47A618-D905-4A3B-8CA9-C1D7DC47CDC4}.Debug|ARM.Build.0 = Debug|Any CPU
		{8B47A618-D905-4A3B-8CA9-C1D7DC47CDC4}.Debug|iPhone.ActiveCfg = Debug|Any CPU
		{8B47A618-D905-4A3B-8CA9-C1D7DC47CDC4}.Debug|iPhone.Build.0 = Debug|Any CPU
		{8B47A618-D905-4A3B-8CA9-C1D7DC47CDC4}.Debug|iPhoneSimulator.ActiveCfg = Debug|Any CPU
		{8B47A618-D905-4A3B-8CA9-C1D7DC47CDC4}.Debug|iPhoneSimulator.Build.0 = Debug|Any CPU
		{8B47A618-D905-4A3B-8CA9-C1D7DC47CDC4}.Debug|x64.ActiveCfg = Debug|Any CPU
		{8B47A618-D905-4A3B-8CA9-C1D7DC47CDC4}.Debug|x64.Build.0 = Debug|Any CPU
		{8B47A618-D905-4A3B-8CA9-C1D7DC47CDC4}.Debug|x86.ActiveCfg = Debug|Any CPU
		{8B47A618-D905-4A3B-8CA9-C1D7DC47CDC4}.Debug|x86.Build.0 = Debug|Any CPU
		{8B47A618-D905-4A3B-8CA9-C1D7DC47CDC4}.Release|Any CPU.ActiveCfg = Release|Any CPU
		{8B47A618-D905-4A3B-8CA9-C1D7DC47CDC4}.Release|Any CPU.Build.0 = Release|Any CPU
		{8B47A618-D905-4A3B-8CA9-C1D7DC47CDC4}.Release|ARM.ActiveCfg = Release|Any CPU
		{8B47A618-D905-4A3B-8CA9-C1D7DC47CDC4}.Release|ARM.Build.0 = Release|Any CPU
		{8B47A618-D905-4A3B-8CA9-C1D7DC47CDC4}.Release|iPhone.ActiveCfg = Release|Any CPU
		{8B47A618-D905-4A3B-8CA9-C1D7DC47CDC4}.Release|iPhone.Build.0 = Release|Any CPU
		{8B47A618-D905-4A3B-8CA9-C1D7DC47CDC4}.Release|iPhoneSimulator.ActiveCfg = Release|Any CPU
		{8B47A618-D905-4A3B-8CA9-C1D7DC47CDC4}.Release|iPhoneSimulator.Build.0 = Release|Any CPU
		{8B47A618-D905-4A3B-8CA9-C1D7DC47CDC4}.Release|x64.ActiveCfg = Release|Any CPU
		{8B47A618-D905-4A3B-8CA9-C1D7DC47CDC4}.Release|x64.Build.0 = Release|Any CPU
		{8B47A618-D905-4A3B-8CA9-C1D7DC47CDC4}.Release|x86.ActiveCfg = Release|Any CPU
		{8B47A618-D905-4A3B-8CA9-C1D7DC47CDC4}.Release|x86.Build.0 = Release|Any CPU
		{9EFB28C4-3462-444B-8394-F9C4F716E538}.Ad-Hoc|Any CPU.ActiveCfg = Release|Any CPU
		{9EFB28C4-3462-444B-8394-F9C4F716E538}.Ad-Hoc|Any CPU.Build.0 = Release|Any CPU
		{9EFB28C4-3462-444B-8394-F9C4F716E538}.Ad-Hoc|ARM.ActiveCfg = Release|Any CPU
		{9EFB28C4-3462-444B-8394-F9C4F716E538}.Ad-Hoc|ARM.Build.0 = Release|Any CPU
		{9EFB28C4-3462-444B-8394-F9C4F716E538}.Ad-Hoc|iPhone.ActiveCfg = Release|Any CPU
		{9EFB28C4-3462-444B-8394-F9C4F716E538}.Ad-Hoc|iPhone.Build.0 = Release|Any CPU
		{9EFB28C4-3462-444B-8394-F9C4F716E538}.Ad-Hoc|iPhoneSimulator.ActiveCfg = Release|Any CPU
		{9EFB28C4-3462-444B-8394-F9C4F716E538}.Ad-Hoc|iPhoneSimulator.Build.0 = Release|Any CPU
		{9EFB28C4-3462-444B-8394-F9C4F716E538}.Ad-Hoc|x64.ActiveCfg = Release|Any CPU
		{9EFB28C4-3462-444B-8394-F9C4F716E538}.Ad-Hoc|x64.Build.0 = Release|Any CPU
		{9EFB28C4-3462-444B-8394-F9C4F716E538}.Ad-Hoc|x86.ActiveCfg = Release|Any CPU
		{9EFB28C4-3462-444B-8394-F9C4F716E538}.Ad-Hoc|x86.Build.0 = Release|Any CPU
		{9EFB28C4-3462-444B-8394-F9C4F716E538}.AppStore|Any CPU.ActiveCfg = Release|Any CPU
		{9EFB28C4-3462-444B-8394-F9C4F716E538}.AppStore|Any CPU.Build.0 = Release|Any CPU
		{9EFB28C4-3462-444B-8394-F9C4F716E538}.AppStore|ARM.ActiveCfg = Release|Any CPU
		{9EFB28C4-3462-444B-8394-F9C4F716E538}.AppStore|ARM.Build.0 = Release|Any CPU
		{9EFB28C4-3462-444B-8394-F9C4F716E538}.AppStore|iPhone.ActiveCfg = Release|Any CPU
		{9EFB28C4-3462-444B-8394-F9C4F716E538}.AppStore|iPhone.Build.0 = Release|Any CPU
		{9EFB28C4-3462-444B-8394-F9C4F716E538}.AppStore|iPhoneSimulator.ActiveCfg = Release|Any CPU
		{9EFB28C4-3462-444B-8394-F9C4F716E538}.AppStore|iPhoneSimulator.Build.0 = Release|Any CPU
		{9EFB28C4-3462-444B-8394-F9C4F716E538}.AppStore|x64.ActiveCfg = Release|Any CPU
		{9EFB28C4-3462-444B-8394-F9C4F716E538}.AppStore|x64.Build.0 = Release|Any CPU
		{9EFB28C4-3462-444B-8394-F9C4F716E538}.AppStore|x86.ActiveCfg = Release|Any CPU
		{9EFB28C4-3462-444B-8394-F9C4F716E538}.AppStore|x86.Build.0 = Release|Any CPU
		{9EFB28C4-3462-444B-8394-F9C4F716E538}.Debug|Any CPU.ActiveCfg = Debug|Any CPU
		{9EFB28C4-3462-444B-8394-F9C4F716E538}.Debug|Any CPU.Build.0 = Debug|Any CPU
		{9EFB28C4-3462-444B-8394-F9C4F716E538}.Debug|ARM.ActiveCfg = Debug|Any CPU
		{9EFB28C4-3462-444B-8394-F9C4F716E538}.Debug|ARM.Build.0 = Debug|Any CPU
		{9EFB28C4-3462-444B-8394-F9C4F716E538}.Debug|iPhone.ActiveCfg = Debug|Any CPU
		{9EFB28C4-3462-444B-8394-F9C4F716E538}.Debug|iPhone.Build.0 = Debug|Any CPU
		{9EFB28C4-3462-444B-8394-F9C4F716E538}.Debug|iPhoneSimulator.ActiveCfg = Debug|Any CPU
		{9EFB28C4-3462-444B-8394-F9C4F716E538}.Debug|iPhoneSimulator.Build.0 = Debug|Any CPU
		{9EFB28C4-3462-444B-8394-F9C4F716E538}.Debug|x64.ActiveCfg = Debug|Any CPU
		{9EFB28C4-3462-444B-8394-F9C4F716E538}.Debug|x64.Build.0 = Debug|Any CPU
		{9EFB28C4-3462-444B-8394-F9C4F716E538}.Debug|x86.ActiveCfg = Debug|Any CPU
		{9EFB28C4-3462-444B-8394-F9C4F716E538}.Debug|x86.Build.0 = Debug|Any CPU
		{9EFB28C4-3462-444B-8394-F9C4F716E538}.Release|Any CPU.ActiveCfg = Release|Any CPU
		{9EFB28C4-3462-444B-8394-F9C4F716E538}.Release|Any CPU.Build.0 = Release|Any CPU
		{9EFB28C4-3462-444B-8394-F9C4F716E538}.Release|ARM.ActiveCfg = Release|Any CPU
		{9EFB28C4-3462-444B-8394-F9C4F716E538}.Release|ARM.Build.0 = Release|Any CPU
		{9EFB28C4-3462-444B-8394-F9C4F716E538}.Release|iPhone.ActiveCfg = Release|Any CPU
		{9EFB28C4-3462-444B-8394-F9C4F716E538}.Release|iPhone.Build.0 = Release|Any CPU
		{9EFB28C4-3462-444B-8394-F9C4F716E538}.Release|iPhoneSimulator.ActiveCfg = Release|Any CPU
		{9EFB28C4-3462-444B-8394-F9C4F716E538}.Release|iPhoneSimulator.Build.0 = Release|Any CPU
		{9EFB28C4-3462-444B-8394-F9C4F716E538}.Release|x64.ActiveCfg = Release|Any CPU
		{9EFB28C4-3462-444B-8394-F9C4F716E538}.Release|x64.Build.0 = Release|Any CPU
		{9EFB28C4-3462-444B-8394-F9C4F716E538}.Release|x86.ActiveCfg = Release|Any CPU
		{9EFB28C4-3462-444B-8394-F9C4F716E538}.Release|x86.Build.0 = Release|Any CPU
		{7B9A5F95-84F7-4B15-AD60-486A4FD660B4}.Ad-Hoc|Any CPU.ActiveCfg = Release|Any CPU
		{7B9A5F95-84F7-4B15-AD60-486A4FD660B4}.Ad-Hoc|Any CPU.Build.0 = Release|Any CPU
		{7B9A5F95-84F7-4B15-AD60-486A4FD660B4}.Ad-Hoc|ARM.ActiveCfg = Release|Any CPU
		{7B9A5F95-84F7-4B15-AD60-486A4FD660B4}.Ad-Hoc|ARM.Build.0 = Release|Any CPU
		{7B9A5F95-84F7-4B15-AD60-486A4FD660B4}.Ad-Hoc|iPhone.ActiveCfg = Release|Any CPU
		{7B9A5F95-84F7-4B15-AD60-486A4FD660B4}.Ad-Hoc|iPhone.Build.0 = Release|Any CPU
		{7B9A5F95-84F7-4B15-AD60-486A4FD660B4}.Ad-Hoc|iPhoneSimulator.ActiveCfg = Release|Any CPU
		{7B9A5F95-84F7-4B15-AD60-486A4FD660B4}.Ad-Hoc|iPhoneSimulator.Build.0 = Release|Any CPU
		{7B9A5F95-84F7-4B15-AD60-486A4FD660B4}.Ad-Hoc|x64.ActiveCfg = Release|Any CPU
		{7B9A5F95-84F7-4B15-AD60-486A4FD660B4}.Ad-Hoc|x64.Build.0 = Release|Any CPU
		{7B9A5F95-84F7-4B15-AD60-486A4FD660B4}.Ad-Hoc|x86.ActiveCfg = Release|Any CPU
		{7B9A5F95-84F7-4B15-AD60-486A4FD660B4}.Ad-Hoc|x86.Build.0 = Release|Any CPU
		{7B9A5F95-84F7-4B15-AD60-486A4FD660B4}.AppStore|Any CPU.ActiveCfg = Release|Any CPU
		{7B9A5F95-84F7-4B15-AD60-486A4FD660B4}.AppStore|Any CPU.Build.0 = Release|Any CPU
		{7B9A5F95-84F7-4B15-AD60-486A4FD660B4}.AppStore|ARM.ActiveCfg = Release|Any CPU
		{7B9A5F95-84F7-4B15-AD60-486A4FD660B4}.AppStore|ARM.Build.0 = Release|Any CPU
		{7B9A5F95-84F7-4B15-AD60-486A4FD660B4}.AppStore|iPhone.ActiveCfg = Release|Any CPU
		{7B9A5F95-84F7-4B15-AD60-486A4FD660B4}.AppStore|iPhone.Build.0 = Release|Any CPU
		{7B9A5F95-84F7-4B15-AD60-486A4FD660B4}.AppStore|iPhoneSimulator.ActiveCfg = Release|Any CPU
		{7B9A5F95-84F7-4B15-AD60-486A4FD660B4}.AppStore|iPhoneSimulator.Build.0 = Release|Any CPU
		{7B9A5F95-84F7-4B15-AD60-486A4FD660B4}.AppStore|x64.ActiveCfg = Release|Any CPU
		{7B9A5F95-84F7-4B15-AD60-486A4FD660B4}.AppStore|x64.Build.0 = Release|Any CPU
		{7B9A5F95-84F7-4B15-AD60-486A4FD660B4}.AppStore|x86.ActiveCfg = Release|Any CPU
		{7B9A5F95-84F7-4B15-AD60-486A4FD660B4}.AppStore|x86.Build.0 = Release|Any CPU
		{7B9A5F95-84F7-4B15-AD60-486A4FD660B4}.Debug|Any CPU.ActiveCfg = Debug|Any CPU
		{7B9A5F95-84F7-4B15-AD60-486A4FD660B4}.Debug|Any CPU.Build.0 = Debug|Any CPU
		{7B9A5F95-84F7-4B15-AD60-486A4FD660B4}.Debug|ARM.ActiveCfg = Debug|Any CPU
		{7B9A5F95-84F7-4B15-AD60-486A4FD660B4}.Debug|ARM.Build.0 = Debug|Any CPU
		{7B9A5F95-84F7-4B15-AD60-486A4FD660B4}.Debug|iPhone.ActiveCfg = Debug|Any CPU
		{7B9A5F95-84F7-4B15-AD60-486A4FD660B4}.Debug|iPhone.Build.0 = Debug|Any CPU
		{7B9A5F95-84F7-4B15-AD60-486A4FD660B4}.Debug|iPhoneSimulator.ActiveCfg = Debug|Any CPU
		{7B9A5F95-84F7-4B15-AD60-486A4FD660B4}.Debug|iPhoneSimulator.Build.0 = Debug|Any CPU
		{7B9A5F95-84F7-4B15-AD60-486A4FD660B4}.Debug|x64.ActiveCfg = Debug|Any CPU
		{7B9A5F95-84F7-4B15-AD60-486A4FD660B4}.Debug|x64.Build.0 = Debug|Any CPU
		{7B9A5F95-84F7-4B15-AD60-486A4FD660B4}.Debug|x86.ActiveCfg = Debug|Any CPU
		{7B9A5F95-84F7-4B15-AD60-486A4FD660B4}.Debug|x86.Build.0 = Debug|Any CPU
		{7B9A5F95-84F7-4B15-AD60-486A4FD660B4}.Release|Any CPU.ActiveCfg = Release|Any CPU
		{7B9A5F95-84F7-4B15-AD60-486A4FD660B4}.Release|Any CPU.Build.0 = Release|Any CPU
		{7B9A5F95-84F7-4B15-AD60-486A4FD660B4}.Release|ARM.ActiveCfg = Release|Any CPU
		{7B9A5F95-84F7-4B15-AD60-486A4FD660B4}.Release|ARM.Build.0 = Release|Any CPU
		{7B9A5F95-84F7-4B15-AD60-486A4FD660B4}.Release|iPhone.ActiveCfg = Release|Any CPU
		{7B9A5F95-84F7-4B15-AD60-486A4FD660B4}.Release|iPhone.Build.0 = Release|Any CPU
		{7B9A5F95-84F7-4B15-AD60-486A4FD660B4}.Release|iPhoneSimulator.ActiveCfg = Release|Any CPU
		{7B9A5F95-84F7-4B15-AD60-486A4FD660B4}.Release|iPhoneSimulator.Build.0 = Release|Any CPU
		{7B9A5F95-84F7-4B15-AD60-486A4FD660B4}.Release|x64.ActiveCfg = Release|Any CPU
		{7B9A5F95-84F7-4B15-AD60-486A4FD660B4}.Release|x64.Build.0 = Release|Any CPU
		{7B9A5F95-84F7-4B15-AD60-486A4FD660B4}.Release|x86.ActiveCfg = Release|Any CPU
		{7B9A5F95-84F7-4B15-AD60-486A4FD660B4}.Release|x86.Build.0 = Release|Any CPU
		{DC575F74-92E7-4FB7-A05A-2CEF05DDE5FD}.Ad-Hoc|Any CPU.ActiveCfg = Release|Any CPU
		{DC575F74-92E7-4FB7-A05A-2CEF05DDE5FD}.Ad-Hoc|Any CPU.Build.0 = Release|Any CPU
		{DC575F74-92E7-4FB7-A05A-2CEF05DDE5FD}.Ad-Hoc|ARM.ActiveCfg = Release|Any CPU
		{DC575F74-92E7-4FB7-A05A-2CEF05DDE5FD}.Ad-Hoc|ARM.Build.0 = Release|Any CPU
		{DC575F74-92E7-4FB7-A05A-2CEF05DDE5FD}.Ad-Hoc|iPhone.ActiveCfg = Release|Any CPU
		{DC575F74-92E7-4FB7-A05A-2CEF05DDE5FD}.Ad-Hoc|iPhone.Build.0 = Release|Any CPU
		{DC575F74-92E7-4FB7-A05A-2CEF05DDE5FD}.Ad-Hoc|iPhoneSimulator.ActiveCfg = Release|Any CPU
		{DC575F74-92E7-4FB7-A05A-2CEF05DDE5FD}.Ad-Hoc|iPhoneSimulator.Build.0 = Release|Any CPU
		{DC575F74-92E7-4FB7-A05A-2CEF05DDE5FD}.Ad-Hoc|x64.ActiveCfg = Release|Any CPU
		{DC575F74-92E7-4FB7-A05A-2CEF05DDE5FD}.Ad-Hoc|x64.Build.0 = Release|Any CPU
		{DC575F74-92E7-4FB7-A05A-2CEF05DDE5FD}.Ad-Hoc|x86.ActiveCfg = Release|Any CPU
		{DC575F74-92E7-4FB7-A05A-2CEF05DDE5FD}.Ad-Hoc|x86.Build.0 = Release|Any CPU
		{DC575F74-92E7-4FB7-A05A-2CEF05DDE5FD}.AppStore|Any CPU.ActiveCfg = Release|Any CPU
		{DC575F74-92E7-4FB7-A05A-2CEF05DDE5FD}.AppStore|Any CPU.Build.0 = Release|Any CPU
		{DC575F74-92E7-4FB7-A05A-2CEF05DDE5FD}.AppStore|ARM.ActiveCfg = Release|Any CPU
		{DC575F74-92E7-4FB7-A05A-2CEF05DDE5FD}.AppStore|ARM.Build.0 = Release|Any CPU
		{DC575F74-92E7-4FB7-A05A-2CEF05DDE5FD}.AppStore|iPhone.ActiveCfg = Release|Any CPU
		{DC575F74-92E7-4FB7-A05A-2CEF05DDE5FD}.AppStore|iPhone.Build.0 = Release|Any CPU
		{DC575F74-92E7-4FB7-A05A-2CEF05DDE5FD}.AppStore|iPhoneSimulator.ActiveCfg = Release|Any CPU
		{DC575F74-92E7-4FB7-A05A-2CEF05DDE5FD}.AppStore|iPhoneSimulator.Build.0 = Release|Any CPU
		{DC575F74-92E7-4FB7-A05A-2CEF05DDE5FD}.AppStore|x64.ActiveCfg = Release|Any CPU
		{DC575F74-92E7-4FB7-A05A-2CEF05DDE5FD}.AppStore|x64.Build.0 = Release|Any CPU
		{DC575F74-92E7-4FB7-A05A-2CEF05DDE5FD}.AppStore|x86.ActiveCfg = Release|Any CPU
		{DC575F74-92E7-4FB7-A05A-2CEF05DDE5FD}.AppStore|x86.Build.0 = Release|Any CPU
		{DC575F74-92E7-4FB7-A05A-2CEF05DDE5FD}.Debug|Any CPU.ActiveCfg = Debug|Any CPU
		{DC575F74-92E7-4FB7-A05A-2CEF05DDE5FD}.Debug|Any CPU.Build.0 = Debug|Any CPU
		{DC575F74-92E7-4FB7-A05A-2CEF05DDE5FD}.Debug|ARM.ActiveCfg = Debug|Any CPU
		{DC575F74-92E7-4FB7-A05A-2CEF05DDE5FD}.Debug|ARM.Build.0 = Debug|Any CPU
		{DC575F74-92E7-4FB7-A05A-2CEF05DDE5FD}.Debug|iPhone.ActiveCfg = Debug|Any CPU
		{DC575F74-92E7-4FB7-A05A-2CEF05DDE5FD}.Debug|iPhone.Build.0 = Debug|Any CPU
		{DC575F74-92E7-4FB7-A05A-2CEF05DDE5FD}.Debug|iPhoneSimulator.ActiveCfg = Debug|Any CPU
		{DC575F74-92E7-4FB7-A05A-2CEF05DDE5FD}.Debug|iPhoneSimulator.Build.0 = Debug|Any CPU
		{DC575F74-92E7-4FB7-A05A-2CEF05DDE5FD}.Debug|x64.ActiveCfg = Debug|Any CPU
		{DC575F74-92E7-4FB7-A05A-2CEF05DDE5FD}.Debug|x64.Build.0 = Debug|Any CPU
		{DC575F74-92E7-4FB7-A05A-2CEF05DDE5FD}.Debug|x86.ActiveCfg = Debug|Any CPU
		{DC575F74-92E7-4FB7-A05A-2CEF05DDE5FD}.Debug|x86.Build.0 = Debug|Any CPU
		{DC575F74-92E7-4FB7-A05A-2CEF05DDE5FD}.Release|Any CPU.ActiveCfg = Release|Any CPU
		{DC575F74-92E7-4FB7-A05A-2CEF05DDE5FD}.Release|Any CPU.Build.0 = Release|Any CPU
		{DC575F74-92E7-4FB7-A05A-2CEF05DDE5FD}.Release|ARM.ActiveCfg = Release|Any CPU
		{DC575F74-92E7-4FB7-A05A-2CEF05DDE5FD}.Release|ARM.Build.0 = Release|Any CPU
		{DC575F74-92E7-4FB7-A05A-2CEF05DDE5FD}.Release|iPhone.ActiveCfg = Release|Any CPU
		{DC575F74-92E7-4FB7-A05A-2CEF05DDE5FD}.Release|iPhone.Build.0 = Release|Any CPU
		{DC575F74-92E7-4FB7-A05A-2CEF05DDE5FD}.Release|iPhoneSimulator.ActiveCfg = Release|Any CPU
		{DC575F74-92E7-4FB7-A05A-2CEF05DDE5FD}.Release|iPhoneSimulator.Build.0 = Release|Any CPU
		{DC575F74-92E7-4FB7-A05A-2CEF05DDE5FD}.Release|x64.ActiveCfg = Release|Any CPU
		{DC575F74-92E7-4FB7-A05A-2CEF05DDE5FD}.Release|x64.Build.0 = Release|Any CPU
		{DC575F74-92E7-4FB7-A05A-2CEF05DDE5FD}.Release|x86.ActiveCfg = Release|Any CPU
		{DC575F74-92E7-4FB7-A05A-2CEF05DDE5FD}.Release|x86.Build.0 = Release|Any CPU
		{8E87E253-2921-4335-BE50-6F82AE96587D}.Ad-Hoc|Any CPU.ActiveCfg = Release|Any CPU
		{8E87E253-2921-4335-BE50-6F82AE96587D}.Ad-Hoc|Any CPU.Build.0 = Release|Any CPU
		{8E87E253-2921-4335-BE50-6F82AE96587D}.Ad-Hoc|ARM.ActiveCfg = Release|Any CPU
		{8E87E253-2921-4335-BE50-6F82AE96587D}.Ad-Hoc|ARM.Build.0 = Release|Any CPU
		{8E87E253-2921-4335-BE50-6F82AE96587D}.Ad-Hoc|iPhone.ActiveCfg = Release|Any CPU
		{8E87E253-2921-4335-BE50-6F82AE96587D}.Ad-Hoc|iPhone.Build.0 = Release|Any CPU
		{8E87E253-2921-4335-BE50-6F82AE96587D}.Ad-Hoc|iPhoneSimulator.ActiveCfg = Release|Any CPU
		{8E87E253-2921-4335-BE50-6F82AE96587D}.Ad-Hoc|iPhoneSimulator.Build.0 = Release|Any CPU
		{8E87E253-2921-4335-BE50-6F82AE96587D}.Ad-Hoc|x64.ActiveCfg = Release|Any CPU
		{8E87E253-2921-4335-BE50-6F82AE96587D}.Ad-Hoc|x64.Build.0 = Release|Any CPU
		{8E87E253-2921-4335-BE50-6F82AE96587D}.Ad-Hoc|x86.ActiveCfg = Release|Any CPU
		{8E87E253-2921-4335-BE50-6F82AE96587D}.Ad-Hoc|x86.Build.0 = Release|Any CPU
		{8E87E253-2921-4335-BE50-6F82AE96587D}.AppStore|Any CPU.ActiveCfg = Release|Any CPU
		{8E87E253-2921-4335-BE50-6F82AE96587D}.AppStore|Any CPU.Build.0 = Release|Any CPU
		{8E87E253-2921-4335-BE50-6F82AE96587D}.AppStore|ARM.ActiveCfg = Release|Any CPU
		{8E87E253-2921-4335-BE50-6F82AE96587D}.AppStore|ARM.Build.0 = Release|Any CPU
		{8E87E253-2921-4335-BE50-6F82AE96587D}.AppStore|iPhone.ActiveCfg = Release|Any CPU
		{8E87E253-2921-4335-BE50-6F82AE96587D}.AppStore|iPhone.Build.0 = Release|Any CPU
		{8E87E253-2921-4335-BE50-6F82AE96587D}.AppStore|iPhoneSimulator.ActiveCfg = Release|Any CPU
		{8E87E253-2921-4335-BE50-6F82AE96587D}.AppStore|iPhoneSimulator.Build.0 = Release|Any CPU
		{8E87E253-2921-4335-BE50-6F82AE96587D}.AppStore|x64.ActiveCfg = Release|Any CPU
		{8E87E253-2921-4335-BE50-6F82AE96587D}.AppStore|x64.Build.0 = Release|Any CPU
		{8E87E253-2921-4335-BE50-6F82AE96587D}.AppStore|x86.ActiveCfg = Release|Any CPU
		{8E87E253-2921-4335-BE50-6F82AE96587D}.AppStore|x86.Build.0 = Release|Any CPU
		{8E87E253-2921-4335-BE50-6F82AE96587D}.Debug|Any CPU.ActiveCfg = Debug|Any CPU
		{8E87E253-2921-4335-BE50-6F82AE96587D}.Debug|Any CPU.Build.0 = Debug|Any CPU
		{8E87E253-2921-4335-BE50-6F82AE96587D}.Debug|ARM.ActiveCfg = Debug|Any CPU
		{8E87E253-2921-4335-BE50-6F82AE96587D}.Debug|ARM.Build.0 = Debug|Any CPU
		{8E87E253-2921-4335-BE50-6F82AE96587D}.Debug|iPhone.ActiveCfg = Debug|Any CPU
		{8E87E253-2921-4335-BE50-6F82AE96587D}.Debug|iPhone.Build.0 = Debug|Any CPU
		{8E87E253-2921-4335-BE50-6F82AE96587D}.Debug|iPhoneSimulator.ActiveCfg = Debug|Any CPU
		{8E87E253-2921-4335-BE50-6F82AE96587D}.Debug|iPhoneSimulator.Build.0 = Debug|Any CPU
		{8E87E253-2921-4335-BE50-6F82AE96587D}.Debug|x64.ActiveCfg = Debug|Any CPU
		{8E87E253-2921-4335-BE50-6F82AE96587D}.Debug|x64.Build.0 = Debug|Any CPU
		{8E87E253-2921-4335-BE50-6F82AE96587D}.Debug|x86.ActiveCfg = Debug|Any CPU
		{8E87E253-2921-4335-BE50-6F82AE96587D}.Debug|x86.Build.0 = Debug|Any CPU
		{8E87E253-2921-4335-BE50-6F82AE96587D}.Release|Any CPU.ActiveCfg = Release|Any CPU
		{8E87E253-2921-4335-BE50-6F82AE96587D}.Release|Any CPU.Build.0 = Release|Any CPU
		{8E87E253-2921-4335-BE50-6F82AE96587D}.Release|ARM.ActiveCfg = Release|Any CPU
		{8E87E253-2921-4335-BE50-6F82AE96587D}.Release|ARM.Build.0 = Release|Any CPU
		{8E87E253-2921-4335-BE50-6F82AE96587D}.Release|iPhone.ActiveCfg = Release|Any CPU
		{8E87E253-2921-4335-BE50-6F82AE96587D}.Release|iPhone.Build.0 = Release|Any CPU
		{8E87E253-2921-4335-BE50-6F82AE96587D}.Release|iPhoneSimulator.ActiveCfg = Release|Any CPU
		{8E87E253-2921-4335-BE50-6F82AE96587D}.Release|iPhoneSimulator.Build.0 = Release|Any CPU
		{8E87E253-2921-4335-BE50-6F82AE96587D}.Release|x64.ActiveCfg = Release|Any CPU
		{8E87E253-2921-4335-BE50-6F82AE96587D}.Release|x64.Build.0 = Release|Any CPU
		{8E87E253-2921-4335-BE50-6F82AE96587D}.Release|x86.ActiveCfg = Release|Any CPU
		{8E87E253-2921-4335-BE50-6F82AE96587D}.Release|x86.Build.0 = Release|Any CPU
	EndGlobalSection
	GlobalSection(SolutionProperties) = preSolution
		HideSolutionNode = FALSE
	EndGlobalSection
EndGlobal
